
Microsoft Visual Studio Solution File, Format Version 12.00
# Visual Studio Version 16
VisualStudioVersion = 16.0.32002.261
MinimumVisualStudioVersion = 10.0.40219.1
Project("{FAE04EC0-301F-11D3-BF4B-00C04F79EFBC}") = "proj-academia", "proj-academia.csproj", "{03D6E79D-C7F1-4F7D-9BCE-4901DEB2028A}"
EndProject
Global
	GlobalSection(SolutionConfigurationPlatforms) = preSolution
		Debug|Any CPU = Debug|Any CPU
		Release|Any CPU = Release|Any CPU
	EndGlobalSection
	GlobalSection(ProjectConfigurationPlatforms) = postSolution
		{03D6E79D-C7F1-4F7D-9BCE-4901DEB2028A}.Debug|Any CPU.ActiveCfg = Debug|Any CPU
		{03D6E79D-C7F1-4F7D-9BCE-4901DEB2028A}.Debug|Any CPU.Build.0 = Debug|Any CPU
		{03D6E79D-C7F1-4F7D-9BCE-4901DEB2028A}.Release|Any CPU.ActiveCfg = Release|Any CPU
		{03D6E79D-C7F1-4F7D-9BCE-4901DEB2028A}.Release|Any CPU.Build.0 = Release|Any CPU
	EndGlobalSection
	GlobalSection(SolutionProperties) = preSolution
		HideSolutionNode = FALSE
	EndGlobalSection
	GlobalSection(ExtensibilityGlobals) = postSolution
		SolutionGuid = {5D734A67-8F1F-4111-9032-0C8A7417B454}
	EndGlobalSection
EndGlobal
